
Microsoft Visual Studio Solution File, Format Version 12.00
# Visual Studio Version 17
VisualStudioVersion = 17.5.33627.172
MinimumVisualStudioVersion = 10.0.40219.1
Project("{9A19103F-16F7-4668-BE54-9A1E7A4F7556}") = "ReactiveMarbles.Extensions", "ReactiveMarbles.Extensions\ReactiveMarbles.Extensions.csproj", "{19AA5FBF-A095-4459-A523-03E5221AEF0F}"
EndProject
Project("{9A19103F-16F7-4668-BE54-9A1E7A4F7556}") = "ReactiveMarbles.Extensions.Tests", "ReactiveMarbles.Extensions.Tests\ReactiveMarbles.Extensions.Tests.csproj", "{C93089AE-DB49-416A-85C7-54E295C79F87}"
EndProject
Project("{2150E333-8FDC-42A3-9474-1A3956D46DE8}") = "SolutionConfig", "SolutionConfig", "{6E16912A-E6EE-4DED-8748-E0FDF948371F}"
	ProjectSection(SolutionItems) = preProject
		..\.editorconfig = ..\.editorconfig
		..\.gitattributes = ..\.gitattributes
		..\.gitignore = ..\.gitignore
		..\.github\workflows\ci-build.yml = ..\.github\workflows\ci-build.yml
		directory.build.props = directory.build.props
		directory.build.targets = directory.build.targets
		directory.packages.props = directory.packages.props
		..\LICENSE = ..\LICENSE
		..\README.md = ..\README.md
		..\.github\workflows\release.yml = ..\.github\workflows\release.yml
		stylecop.json = stylecop.json
		..\version.json = ..\version.json
	EndProjectSection
EndProject
Global
	GlobalSection(SolutionConfigurationPlatforms) = preSolution
		Debug|Any CPU = Debug|Any CPU
		Release|Any CPU = Release|Any CPU
	EndGlobalSection
	GlobalSection(ProjectConfigurationPlatforms) = postSolution
		{19AA5FBF-A095-4459-A523-03E5221AEF0F}.Debug|Any CPU.ActiveCfg = Debug|Any CPU
		{19AA5FBF-A095-4459-A523-03E5221AEF0F}.Debug|Any CPU.Build.0 = Debug|Any CPU
		{19AA5FBF-A095-4459-A523-03E5221AEF0F}.Release|Any CPU.ActiveCfg = Release|Any CPU
		{19AA5FBF-A095-4459-A523-03E5221AEF0F}.Release|Any CPU.Build.0 = Release|Any CPU
		{C93089AE-DB49-416A-85C7-54E295C79F87}.Debug|Any CPU.ActiveCfg = Debug|Any CPU
		{C93089AE-DB49-416A-85C7-54E295C79F87}.Debug|Any CPU.Build.0 = Debug|Any CPU
		{C93089AE-DB49-416A-85C7-54E295C79F87}.Release|Any CPU.ActiveCfg = Release|Any CPU
		{C93089AE-DB49-416A-85C7-54E295C79F87}.Release|Any CPU.Build.0 = Release|Any CPU
	EndGlobalSection
	GlobalSection(SolutionProperties) = preSolution
		HideSolutionNode = FALSE
	EndGlobalSection
	GlobalSection(ExtensibilityGlobals) = postSolution
		SolutionGuid = {49C7CFE7-AA48-4210-9BA3-4E182A96CC23}
	EndGlobalSection
EndGlobal
